
Microsoft Visual Studio Solution File, Format Version 12.00
# Visual Studio Version 17
VisualStudioVersion = 17.7.34031.279
MinimumVisualStudioVersion = 10.0.40219.1
Project("{FAE04EC0-301F-11D3-BF4B-00C04F79EFBC}") = "API_Versioning", "API_Versioning.csproj", "{67920B34-9D7E-40DA-BF84-443ECAA28829}"
EndProject
Global
	GlobalSection(SolutionConfigurationPlatforms) = preSolution
		Debug|Any CPU = Debug|Any CPU
		Release|Any CPU = Release|Any CPU
	EndGlobalSection
	GlobalSection(ProjectConfigurationPlatforms) = postSolution
		{67920B34-9D7E-40DA-BF84-443ECAA28829}.Debug|Any CPU.ActiveCfg = Debug|Any CPU
		{67920B34-9D7E-40DA-BF84-443ECAA28829}.Debug|Any CPU.Build.0 = Debug|Any CPU
		{67920B34-9D7E-40DA-BF84-443ECAA28829}.Release|Any CPU.ActiveCfg = Release|Any CPU
		{67920B34-9D7E-40DA-BF84-443ECAA28829}.Release|Any CPU.Build.0 = Release|Any CPU
	EndGlobalSection
	GlobalSection(SolutionProperties) = preSolution
		HideSolutionNode = FALSE
	EndGlobalSection
	GlobalSection(ExtensibilityGlobals) = postSolution
		SolutionGuid = {D24FADB7-0E28-482C-ACB1-CB552C2903B1}
	EndGlobalSection
EndGlobal
